
Microsoft Visual Studio Solution File, Format Version 12.00
# Visual Studio Version 17
VisualStudioVersion = 17.10.34928.147
MinimumVisualStudioVersion = 10.0.40219.1
Project("{FAE04EC0-301F-11D3-BF4B-00C04F79EFBC}") = "FunctionApp", "FunctionApp.csproj", "{15781158-D498-4181-895B-5B9990AD6B22}"
EndProject
Global
	GlobalSection(SolutionConfigurationPlatforms) = preSolution
		Debug|Any CPU = Debug|Any CPU
		Release|Any CPU = Release|Any CPU
	EndGlobalSection
	GlobalSection(ProjectConfigurationPlatforms) = postSolution
		{15781158-D498-4181-895B-5B9990AD6B22}.Debug|Any CPU.ActiveCfg = Debug|Any CPU
		{15781158-D498-4181-895B-5B9990AD6B22}.Debug|Any CPU.Build.0 = Debug|Any CPU
		{15781158-D498-4181-895B-5B9990AD6B22}.Release|Any CPU.ActiveCfg = Release|Any CPU
		{15781158-D498-4181-895B-5B9990AD6B22}.Release|Any CPU.Build.0 = Release|Any CPU
	EndGlobalSection
	GlobalSection(SolutionProperties) = preSolution
		HideSolutionNode = FALSE
	EndGlobalSection
	GlobalSection(ExtensibilityGlobals) = postSolution
		SolutionGuid = {3AACD961-0DB9-4DD9-A2E3-21630F76C4D2}
	EndGlobalSection
EndGlobal
